// !$*UTF8*$!
{
	archiveVersion = 1;
	classes = {
	};
	objectVersion = 56;
	objects = {

/* Begin PBXBuildFile section */
		F29C873A29B46D5700A77A4C /* AppDelegate.swift in Sources */ = {isa = PBXBuildFile; fileRef = F29C873929B46D5700A77A4C /* AppDelegate.swift */; };
		F29C873C29B46D5700A77A4C /* SceneDelegate.swift in Sources */ = {isa = PBXBuildFile; fileRef = F29C873B29B46D5700A77A4C /* SceneDelegate.swift */; };
		F29C873E29B46D5700A77A4C /* ViewController.swift in Sources */ = {isa = PBXBuildFile; fileRef = F29C873D29B46D5700A77A4C /* ViewController.swift */; };
		F29C874329B46D5900A77A4C /* Assets.xcassets in Resources */ = {isa = PBXBuildFile; fileRef = F29C874229B46D5900A77A4C /* Assets.xcassets */; };
		F29C874629B46D5900A77A4C /* LaunchScreen.storyboard in Resources */ = {isa = PBXBuildFile; fileRef = F29C874429B46D5900A77A4C /* LaunchScreen.storyboard */; };
		F2EE964429B4729400369529 /* Hiscore.swift in Sources */ = {isa = PBXBuildFile; fileRef = F2EE964329B4729400369529 /* Hiscore.swift */; };
		F2EE964729B4732E00369529 /* HiscoreService.swift in Sources */ = {isa = PBXBuildFile; fileRef = F2EE964629B4732E00369529 /* HiscoreService.swift */; };
		F2EE964B29B475B400369529 /* HiscoreViewModel.swift in Sources */ = {isa = PBXBuildFile; fileRef = F2EE964A29B475B400369529 /* HiscoreViewModel.swift */; };
/* End PBXBuildFile section */

/* Begin PBXFileReference section */
		F29C873629B46D5700A77A4C /* osrs-checker-app.app */ = {isa = PBXFileReference; explicitFileType = wrapper.application; includeInIndex = 0; path = "osrs-checker-app.app"; sourceTree = BUILT_PRODUCTS_DIR; };
		F29C873929B46D5700A77A4C /* AppDelegate.swift */ = {isa = PBXFileReference; lastKnownFileType = sourcecode.swift; path = AppDelegate.swift; sourceTree = "<group>"; };
		F29C873B29B46D5700A77A4C /* SceneDelegate.swift */ = {isa = PBXFileReference; lastKnownFileType = sourcecode.swift; path = SceneDelegate.swift; sourceTree = "<group>"; };
		F29C873D29B46D5700A77A4C /* ViewController.swift */ = {isa = PBXFileReference; lastKnownFileType = sourcecode.swift; path = ViewController.swift; sourceTree = "<group>"; };
		F29C874229B46D5900A77A4C /* Assets.xcassets */ = {isa = PBXFileReference; lastKnownFileType = folder.assetcatalog; path = Assets.xcassets; sourceTree = "<group>"; };
		F29C874529B46D5900A77A4C /* Base */ = {isa = PBXFileReference; lastKnownFileType = file.storyboard; name = Base; path = Base.lproj/LaunchScreen.storyboard; sourceTree = "<group>"; };
		F29C874729B46D5900A77A4C /* Info.plist */ = {isa = PBXFileReference; lastKnownFileType = text.plist.xml; path = Info.plist; sourceTree = "<group>"; };
		F2EE964329B4729400369529 /* Hiscore.swift */ = {isa = PBXFileReference; lastKnownFileType = sourcecode.swift; path = Hiscore.swift; sourceTree = "<group>"; };
		F2EE964629B4732E00369529 /* HiscoreService.swift */ = {isa = PBXFileReference; lastKnownFileType = sourcecode.swift; path = HiscoreService.swift; sourceTree = "<group>"; };
		F2EE964A29B475B400369529 /* HiscoreViewModel.swift */ = {isa = PBXFileReference; lastKnownFileType = sourcecode.swift; path = HiscoreViewModel.swift; sourceTree = "<group>"; };
/* End PBXFileReference section */

/* Begin PBXFrameworksBuildPhase section */
		F29C873329B46D5700A77A4C /* Frameworks */ = {
			isa = PBXFrameworksBuildPhase;
			buildActionMask = 2147483647;
			files = (
			);
			runOnlyForDeploymentPostprocessing = 0;
		};
/* End PBXFrameworksBuildPhase section */

/* Begin PBXGroup section */
		F29C872D29B46D5700A77A4C = {
			isa = PBXGroup;
			children = (
				F29C873829B46D5700A77A4C /* osrs-checker-app */,
				F29C873729B46D5700A77A4C /* Products */,
			);
			sourceTree = "<group>";
		};
		F29C873729B46D5700A77A4C /* Products */ = {
			isa = PBXGroup;
			children = (
				F29C873629B46D5700A77A4C /* osrs-checker-app.app */,
			);
			name = Products;
			sourceTree = "<group>";
		};
		F29C873829B46D5700A77A4C /* osrs-checker-app */ = {
			isa = PBXGroup;
			children = (
				F2EE964229B4717200369529 /* Application */,
				F2EE963F29B4713C00369529 /* Model */,
				F2EE964129B4714900369529 /* Service */,
				F2EE964829B4758A00369529 /* ViewModel */,
				F2EE964029B4714300369529 /* Controller */,
				F29C874429B46D5900A77A4C /* LaunchScreen.storyboard */,
				F29C874729B46D5900A77A4C /* Info.plist */,
			);
			path = "osrs-checker-app";
			sourceTree = "<group>";
		};
		F2EE963F29B4713C00369529 /* Model */ = {
			isa = PBXGroup;
			children = (
				F2EE964329B4729400369529 /* Hiscore.swift */,
			);
			path = Model;
			sourceTree = "<group>";
		};
		F2EE964029B4714300369529 /* Controller */ = {
			isa = PBXGroup;
			children = (
				F29C873D29B46D5700A77A4C /* ViewController.swift */,
			);
			path = Controller;
			sourceTree = "<group>";
		};
		F2EE964129B4714900369529 /* Service */ = {
			isa = PBXGroup;
			children = (
				F2EE964529B4731E00369529 /* Hiscore */,
			);
			path = Service;
			sourceTree = "<group>";
		};
		F2EE964229B4717200369529 /* Application */ = {
			isa = PBXGroup;
			children = (
				F29C874229B46D5900A77A4C /* Assets.xcassets */,
				F29C873929B46D5700A77A4C /* AppDelegate.swift */,
				F29C873B29B46D5700A77A4C /* SceneDelegate.swift */,
			);
			path = Application;
			sourceTree = "<group>";
		};
		F2EE964529B4731E00369529 /* Hiscore */ = {
			isa = PBXGroup;
			children = (
				F2EE964629B4732E00369529 /* HiscoreService.swift */,
			);
			path = Hiscore;
			sourceTree = "<group>";
		};
		F2EE964829B4758A00369529 /* ViewModel */ = {
			isa = PBXGroup;
			children = (
				F2EE964929B475A700369529 /* Hiscore */,
			);
			path = ViewModel;
			sourceTree = "<group>";
		};
		F2EE964929B475A700369529 /* Hiscore */ = {
			isa = PBXGroup;
			children = (
				F2EE964A29B475B400369529 /* HiscoreViewModel.swift */,
			);
			path = Hiscore;
			sourceTree = "<group>";
		};
/* End PBXGroup section */

/* Begin PBXNativeTarget section */
		F29C873529B46D5700A77A4C /* osrs-checker-app */ = {
			isa = PBXNativeTarget;
			buildConfigurationList = F29C874A29B46D5900A77A4C /* Build configuration list for PBXNativeTarget "osrs-checker-app" */;
			buildPhases = (
				F29C873229B46D5700A77A4C /* Sources */,
				F29C873329B46D5700A77A4C /* Frameworks */,
				F29C873429B46D5700A77A4C /* Resources */,
			);
			buildRules = (
			);
			dependencies = (
			);
			name = "osrs-checker-app";
			productName = "osrs-checker-app";
			productReference = F29C873629B46D5700A77A4C /* osrs-checker-app.app */;
			productType = "com.apple.product-type.application";
		};
/* End PBXNativeTarget section */

/* Begin PBXProject section */
		F29C872E29B46D5700A77A4C /* Project object */ = {
			isa = PBXProject;
			attributes = {
				BuildIndependentTargetsInParallel = 1;
				LastSwiftUpdateCheck = 1420;
				LastUpgradeCheck = 1420;
				TargetAttributes = {
					F29C873529B46D5700A77A4C = {
						CreatedOnToolsVersion = 14.2;
					};
				};
			};
			buildConfigurationList = F29C873129B46D5700A77A4C /* Build configuration list for PBXProject "osrs-checker-app" */;
			compatibilityVersion = "Xcode 14.0";
			developmentRegion = en;
			hasScannedForEncodings = 0;
			knownRegions = (
				en,
				Base,
			);
			mainGroup = F29C872D29B46D5700A77A4C;
			productRefGroup = F29C873729B46D5700A77A4C /* Products */;
			projectDirPath = "";
			projectRoot = "";
			targets = (
				F29C873529B46D5700A77A4C /* osrs-checker-app */,
			);
		};
/* End PBXProject section */

/* Begin PBXResourcesBuildPhase section */
		F29C873429B46D5700A77A4C /* Resources */ = {
			isa = PBXResourcesBuildPhase;
			buildActionMask = 2147483647;
			files = (
				F29C874629B46D5900A77A4C /* LaunchScreen.storyboard in Resources */,
				F29C874329B46D5900A77A4C /* Assets.xcassets in Resources */,
			);
			runOnlyForDeploymentPostprocessing = 0;
		};
/* End PBXResourcesBuildPhase section */

/* Begin PBXSourcesBuildPhase section */
		F29C873229B46D5700A77A4C /* Sources */ = {
			isa = PBXSourcesBuildPhase;
			buildActionMask = 2147483647;
			files = (
				F2EE964429B4729400369529 /* Hiscore.swift in Sources */,
				F2EE964729B4732E00369529 /* HiscoreService.swift in Sources */,
				F29C873E29B46D5700A77A4C /* ViewController.swift in Sources */,
				F29C873A29B46D5700A77A4C /* AppDelegate.swift in Sources */,
				F2EE964B29B475B400369529 /* HiscoreViewModel.swift in Sources */,
				F29C873C29B46D5700A77A4C /* SceneDelegate.swift in Sources */,
			);
			runOnlyForDeploymentPostprocessing = 0;
		};
/* End PBXSourcesBuildPhase section */

/* Begin PBXVariantGroup section */
		F29C874429B46D5900A77A4C /* LaunchScreen.storyboard */ = {
			isa = PBXVariantGroup;
			children = (
				F29C874529B46D5900A77A4C /* Base */,
			);
			name = LaunchScreen.storyboard;
			sourceTree = "<group>";
		};
/* End PBXVariantGroup section */

/* Begin XCBuildConfiguration section */
		F29C874829B46D5900A77A4C /* Debug */ = {
			isa = XCBuildConfiguration;
			buildSettings = {
				ALWAYS_SEARCH_USER_PATHS = NO;
				CLANG_ANALYZER_NONNULL = YES;
				CLANG_ANALYZER_NUMBER_OBJECT_CONVERSION = YES_AGGRESSIVE;
				CLANG_CXX_LANGUAGE_STANDARD = "gnu++20";
				CLANG_ENABLE_MODULES = YES;
				CLANG_ENABLE_OBJC_ARC = YES;
				CLANG_ENABLE_OBJC_WEAK = YES;
				CLANG_WARN_BLOCK_CAPTURE_AUTORELEASING = YES;
				CLANG_WARN_BOOL_CONVERSION = YES;
				CLANG_WARN_COMMA = YES;
				CLANG_WARN_CONSTANT_CONVERSION = YES;
				CLANG_WARN_DEPRECATED_OBJC_IMPLEMENTATIONS = YES;
				CLANG_WARN_DIRECT_OBJC_ISA_USAGE = YES_ERROR;
				CLANG_WARN_DOCUMENTATION_COMMENTS = YES;
				CLANG_WARN_EMPTY_BODY = YES;
				CLANG_WARN_ENUM_CONVERSION = YES;
				CLANG_WARN_INFINITE_RECURSION = YES;
				CLANG_WARN_INT_CONVERSION = YES;
				CLANG_WARN_NON_LITERAL_NULL_CONVERSION = YES;
				CLANG_WARN_OBJC_IMPLICIT_RETAIN_SELF = YES;
				CLANG_WARN_OBJC_LITERAL_CONVERSION = YES;
				CLANG_WARN_OBJC_ROOT_CLASS = YES_ERROR;
				CLANG_WARN_QUOTED_INCLUDE_IN_FRAMEWORK_HEADER = YES;
				CLANG_WARN_RANGE_LOOP_ANALYSIS = YES;
				CLANG_WARN_STRICT_PROTOTYPES = YES;
				CLANG_WARN_SUSPICIOUS_MOVE = YES;
				CLANG_WARN_UNGUARDED_AVAILABILITY = YES_AGGRESSIVE;
				CLANG_WARN_UNREACHABLE_CODE = YES;
				CLANG_WARN__DUPLICATE_METHOD_MATCH = YES;
				COPY_PHASE_STRIP = NO;
				DEBUG_INFORMATION_FORMAT = dwarf;
				ENABLE_STRICT_OBJC_MSGSEND = YES;
				ENABLE_TESTABILITY = YES;
				GCC_C_LANGUAGE_STANDARD = gnu11;
				GCC_DYNAMIC_NO_PIC = NO;
				GCC_NO_COMMON_BLOCKS = YES;
				GCC_OPTIMIZATION_LEVEL = 0;
				GCC_PREPROCESSOR_DEFINITIONS = (
					"DEBUG=1",
					"$(inherited)",
				);
				GCC_WARN_64_TO_32_BIT_CONVERSION = YES;
				GCC_WARN_ABOUT_RETURN_TYPE = YES_ERROR;
				GCC_WARN_UNDECLARED_SELECTOR = YES;
				GCC_WARN_UNINITIALIZED_AUTOS = YES_AGGRESSIVE;
				GCC_WARN_UNUSED_FUNCTION = YES;
				GCC_WARN_UNUSED_VARIABLE = YES;
				IPHONEOS_DEPLOYMENT_TARGET = 16.2;
				MTL_ENABLE_DEBUG_INFO = INCLUDE_SOURCE;
				MTL_FAST_MATH = YES;
				ONLY_ACTIVE_ARCH = YES;
				SDKROOT = iphoneos;
				SWIFT_ACTIVE_COMPILATION_CONDITIONS = DEBUG;
				SWIFT_OPTIMIZATION_LEVEL = "-Onone";
			};
			name = Debug;
		};
		F29C874929B46D5900A77A4C /* Release */ = {
			isa = XCBuildConfiguration;
			buildSettings = {
				ALWAYS_SEARCH_USER_PATHS = NO;
				CLANG_ANALYZER_NONNULL = YES;
				CLANG_ANALYZER_NUMBER_OBJECT_CONVERSION = YES_AGGRESSIVE;
				CLANG_CXX_LANGUAGE_STANDARD = "gnu++20";
				CLANG_ENABLE_MODULES = YES;
				CLANG_ENABLE_OBJC_ARC = YES;
				CLANG_ENABLE_OBJC_WEAK = YES;
				CLANG_WARN_BLOCK_CAPTURE_AUTORELEASING = YES;
				CLANG_WARN_BOOL_CONVERSION = YES;
				CLANG_WARN_COMMA = YES;
				CLANG_WARN_CONSTANT_CONVERSION = YES;
				CLANG_WARN_DEPRECATED_OBJC_IMPLEMENTATIONS = YES;
				CLANG_WARN_DIRECT_OBJC_ISA_USAGE = YES_ERROR;
				CLANG_WARN_DOCUMENTATION_COMMENTS = YES;
				CLANG_WARN_EMPTY_BODY = YES;
				CLANG_WARN_ENUM_CONVERSION = YES;
				CLANG_WARN_INFINITE_RECURSION = YES;
				CLANG_WARN_INT_CONVERSION = YES;
				CLANG_WARN_NON_LITERAL_NULL_CONVERSION = YES;
				CLANG_WARN_OBJC_IMPLICIT_RETAIN_SELF = YES;
				CLANG_WARN_OBJC_LITERAL_CONVERSION = YES;
				CLANG_WARN_OBJC_ROOT_CLASS = YES_ERROR;
				CLANG_WARN_QUOTED_INCLUDE_IN_FRAMEWORK_HEADER = YES;
				CLANG_WARN_RANGE_LOOP_ANALYSIS = YES;
				CLANG_WARN_STRICT_PROTOTYPES = YES;
				CLANG_WARN_SUSPICIOUS_MOVE = YES;
				CLANG_WARN_UNGUARDED_AVAILABILITY = YES_AGGRESSIVE;
				CLANG_WARN_UNREACHABLE_CODE = YES;
				CLANG_WARN__DUPLICATE_METHOD_MATCH = YES;
				COPY_PHASE_STRIP = NO;
				DEBUG_INFORMATION_FORMAT = "dwarf-with-dsym";
				ENABLE_NS_ASSERTIONS = NO;
				ENABLE_STRICT_OBJC_MSGSEND = YES;
				GCC_C_LANGUAGE_STANDARD = gnu11;
				GCC_NO_COMMON_BLOCKS = YES;
				GCC_WARN_64_TO_32_BIT_CONVERSION = YES;
				GCC_WARN_ABOUT_RETURN_TYPE = YES_ERROR;
				GCC_WARN_UNDECLARED_SELECTOR = YES;
				GCC_WARN_UNINITIALIZED_AUTOS = YES_AGGRESSIVE;
				GCC_WARN_UNUSED_FUNCTION = YES;
				GCC_WARN_UNUSED_VARIABLE = YES;
				IPHONEOS_DEPLOYMENT_TARGET = 16.2;
				MTL_ENABLE_DEBUG_INFO = NO;
				MTL_FAST_MATH = YES;
				SDKROOT = iphoneos;
				SWIFT_COMPILATION_MODE = wholemodule;
				SWIFT_OPTIMIZATION_LEVEL = "-O";
				VALIDATE_PRODUCT = YES;
			};
			name = Release;
		};
		F29C874B29B46D5900A77A4C /* Debug */ = {
			isa = XCBuildConfiguration;
			buildSettings = {
				ASSETCATALOG_COMPILER_APPICON_NAME = AppIcon;
				ASSETCATALOG_COMPILER_GLOBAL_ACCENT_COLOR_NAME = AccentColor;
				CODE_SIGN_STYLE = Automatic;
				CURRENT_PROJECT_VERSION = 1;
				DEVELOPMENT_TEAM = 6R73P3M5QG;
				GENERATE_INFOPLIST_FILE = YES;
				INFOPLIST_FILE = "osrs-checker-app/Info.plist";
				INFOPLIST_KEY_UIApplicationSupportsIndirectInputEvents = YES;
				INFOPLIST_KEY_UILaunchStoryboardName = LaunchScreen;
				INFOPLIST_KEY_UIMainStoryboardFile = "";
				INFOPLIST_KEY_UISupportedInterfaceOrientations_iPad = "UIInterfaceOrientationPortrait UIInterfaceOrientationPortraitUpsideDown UIInterfaceOrientationLandscapeLeft UIInterfaceOrientationLandscapeRight";
				INFOPLIST_KEY_UISupportedInterfaceOrientations_iPhone = "UIInterfaceOrientationPortrait UIInterfaceOrientationLandscapeLeft UIInterfaceOrientationLandscapeRight";
				LD_RUNPATH_SEARCH_PATHS = (
					"$(inherited)",
					"@executable_path/Frameworks",
				);
				MARKETING_VERSION = 1.0;
				PRODUCT_BUNDLE_IDENTIFIER = "matela.osrs-checker-app";
				PRODUCT_NAME = "$(TARGET_NAME)";
				SWIFT_EMIT_LOC_STRINGS = YES;
				SWIFT_VERSION = 5.0;
				TARGETED_DEVICE_FAMILY = "1,2";
			};
			name = Debug;
		};
		F29C874C29B46D5900A77A4C /* Release */ = {
			isa = XCBuildConfiguration;
			buildSettings = {
				ASSETCATALOG_COMPILER_APPICON_NAME = AppIcon;
				ASSETCATALOG_COMPILER_GLOBAL_ACCENT_COLOR_NAME = AccentColor;
				CODE_SIGN_STYLE = Automatic;
				CURRENT_PROJECT_VERSION = 1;
				DEVELOPMENT_TEAM = 6R73P3M5QG;
				GENERATE_INFOPLIST_FILE = YES;
				INFOPLIST_FILE = "osrs-checker-app/Info.plist";
				INFOPLIST_KEY_UIApplicationSupportsIndirectInputEvents = YES;
				INFOPLIST_KEY_UILaunchStoryboardName = LaunchScreen;
				INFOPLIST_KEY_UIMainStoryboardFile = "";
				INFOPLIST_KEY_UISupportedInterfaceOrientations_iPad = "UIInterfaceOrientationPortrait UIInterfaceOrientationPortraitUpsideDown UIInterfaceOrientationLandscapeLeft UIInterfaceOrientationLandscapeRight";
				INFOPLIST_KEY_UISupportedInterfaceOrientations_iPhone = "UIInterfaceOrientationPortrait UIInterfaceOrientationLandscapeLeft UIInterfaceOrientationLandscapeRight";
				LD_RUNPATH_SEARCH_PATHS = (
					"$(inherited)",
					"@executable_path/Frameworks",
				);
				MARKETING_VERSION = 1.0;
				PRODUCT_BUNDLE_IDENTIFIER = "matela.osrs-checker-app";
				PRODUCT_NAME = "$(TARGET_NAME)";
				SWIFT_EMIT_LOC_STRINGS = YES;
				SWIFT_VERSION = 5.0;
				TARGETED_DEVICE_FAMILY = "1,2";
			};
			name = Release;
		};
/* End XCBuildConfiguration section */

/* Begin XCConfigurationList section */
		F29C873129B46D5700A77A4C /* Build configuration list for PBXProject "osrs-checker-app" */ = {
			isa = XCConfigurationList;
			buildConfigurations = (
				F29C874829B46D5900A77A4C /* Debug */,
				F29C874929B46D5900A77A4C /* Release */,
			);
			defaultConfigurationIsVisible = 0;
			defaultConfigurationName = Release;
		};
		F29C874A29B46D5900A77A4C /* Build configuration list for PBXNativeTarget "osrs-checker-app" */ = {
			isa = XCConfigurationList;
			buildConfigurations = (
				F29C874B29B46D5900A77A4C /* Debug */,
				F29C874C29B46D5900A77A4C /* Release */,
			);
			defaultConfigurationIsVisible = 0;
			defaultConfigurationName = Release;
		};
/* End XCConfigurationList section */
	};
	rootObject = F29C872E29B46D5700A77A4C /* Project object */;
}
